
Microsoft Visual Studio Solution File, Format Version 12.00
# Visual Studio 2012
Project("{FAE04EC0-301F-11D3-BF4B-00C04F79EFBC}") = "OracleBulkCopy", "OracleBulkCopy\OracleBulkCopy.csproj", "{994E95EE-7EC0-4A5D-9C84-01905472AEC5}"
EndProject
Global
	GlobalSection(SolutionConfigurationPlatforms) = preSolution
		Debug|Any CPU = Debug|Any CPU
		Release|Any CPU = Release|Any CPU
	EndGlobalSection
	GlobalSection(ProjectConfigurationPlatforms) = postSolution
		{994E95EE-7EC0-4A5D-9C84-01905472AEC5}.Debug|Any CPU.ActiveCfg = Debug|Any CPU
		{994E95EE-7EC0-4A5D-9C84-01905472AEC5}.Debug|Any CPU.Build.0 = Debug|Any CPU
		{994E95EE-7EC0-4A5D-9C84-01905472AEC5}.Release|Any CPU.ActiveCfg = Release|Any CPU
		{994E95EE-7EC0-4A5D-9C84-01905472AEC5}.Release|Any CPU.Build.0 = Release|Any CPU
	EndGlobalSection
	GlobalSection(SolutionProperties) = preSolution
		HideSolutionNode = FALSE
	EndGlobalSection
EndGlobal
